
Microsoft Visual Studio Solution File, Format Version 12.00
# Visual Studio Version 17
VisualStudioVersion = 17.8.34525.116
MinimumVisualStudioVersion = 10.0.40219.1
Project("{9A19103F-16F7-4668-BE54-9A1E7A4F7556}") = "SimpleSequel", "SimpleSequel\SimpleSequel.csproj", "{C4897F37-E094-4439-8BF6-7FD35C529C82}"
EndProject
Project("{9A19103F-16F7-4668-BE54-9A1E7A4F7556}") = "SimpleSequel.Tests", "SimpleSequel.Tests\SimpleSequel.Tests.csproj", "{97A1163D-BD45-40A4-989B-898C2B8D3440}"
EndProject
Global
	GlobalSection(SolutionConfigurationPlatforms) = preSolution
		Debug|Any CPU = Debug|Any CPU
		Release|Any CPU = Release|Any CPU
	EndGlobalSection
	GlobalSection(ProjectConfigurationPlatforms) = postSolution
		{C4897F37-E094-4439-8BF6-7FD35C529C82}.Debug|Any CPU.ActiveCfg = Debug|Any CPU
		{C4897F37-E094-4439-8BF6-7FD35C529C82}.Debug|Any CPU.Build.0 = Debug|Any CPU
		{C4897F37-E094-4439-8BF6-7FD35C529C82}.Release|Any CPU.ActiveCfg = Release|Any CPU
		{C4897F37-E094-4439-8BF6-7FD35C529C82}.Release|Any CPU.Build.0 = Release|Any CPU
		{97A1163D-BD45-40A4-989B-898C2B8D3440}.Debug|Any CPU.ActiveCfg = Debug|Any CPU
		{97A1163D-BD45-40A4-989B-898C2B8D3440}.Debug|Any CPU.Build.0 = Debug|Any CPU
		{97A1163D-BD45-40A4-989B-898C2B8D3440}.Release|Any CPU.ActiveCfg = Release|Any CPU
		{97A1163D-BD45-40A4-989B-898C2B8D3440}.Release|Any CPU.Build.0 = Release|Any CPU
	EndGlobalSection
	GlobalSection(SolutionProperties) = preSolution
		HideSolutionNode = FALSE
	EndGlobalSection
	GlobalSection(ExtensibilityGlobals) = postSolution
		SolutionGuid = {9E6F7DA3-2851-46C7-9FDC-A7045ED695D1}
	EndGlobalSection
EndGlobal
